
Microsoft Visual Studio Solution File, Format Version 12.00
# Visual Studio Version 17
VisualStudioVersion = 17.4.33403.182
MinimumVisualStudioVersion = 10.0.40219.1
Project("{FAE04EC0-301F-11D3-BF4B-00C04F79EFBC}") = "ControledeContatos", "ControledeContatos\ControledeContatos.csproj", "{3B88026D-4FC2-4424-90BD-5B5451B45DD3}"
EndProject
Global
	GlobalSection(SolutionConfigurationPlatforms) = preSolution
		Debug|Any CPU = Debug|Any CPU
		Release|Any CPU = Release|Any CPU
	EndGlobalSection
	GlobalSection(ProjectConfigurationPlatforms) = postSolution
		{3B88026D-4FC2-4424-90BD-5B5451B45DD3}.Debug|Any CPU.ActiveCfg = Debug|Any CPU
		{3B88026D-4FC2-4424-90BD-5B5451B45DD3}.Debug|Any CPU.Build.0 = Debug|Any CPU
		{3B88026D-4FC2-4424-90BD-5B5451B45DD3}.Release|Any CPU.ActiveCfg = Release|Any CPU
		{3B88026D-4FC2-4424-90BD-5B5451B45DD3}.Release|Any CPU.Build.0 = Release|Any CPU
	EndGlobalSection
	GlobalSection(SolutionProperties) = preSolution
		HideSolutionNode = FALSE
	EndGlobalSection
	GlobalSection(ExtensibilityGlobals) = postSolution
		SolutionGuid = {6C43E973-6B1A-41BE-82AC-F64A882F6ADE}
	EndGlobalSection
EndGlobal
